
Microsoft Visual Studio Solution File, Format Version 12.00
# Visual Studio Version 17
VisualStudioVersion = 17.4.33213.308
MinimumVisualStudioVersion = 10.0.40219.1
Project("{FAE04EC0-301F-11D3-BF4B-00C04F79EFBC}") = "StudentInformationProject", "StudentInformationProject\StudentInformationProject.csproj", "{4AB6E66C-9B29-4948-A5BF-C45A7D13DCC7}"
EndProject
Global
	GlobalSection(SolutionConfigurationPlatforms) = preSolution
		Debug|Any CPU = Debug|Any CPU
		Release|Any CPU = Release|Any CPU
	EndGlobalSection
	GlobalSection(ProjectConfigurationPlatforms) = postSolution
		{4AB6E66C-9B29-4948-A5BF-C45A7D13DCC7}.Debug|Any CPU.ActiveCfg = Debug|Any CPU
		{4AB6E66C-9B29-4948-A5BF-C45A7D13DCC7}.Debug|Any CPU.Build.0 = Debug|Any CPU
		{4AB6E66C-9B29-4948-A5BF-C45A7D13DCC7}.Release|Any CPU.ActiveCfg = Release|Any CPU
		{4AB6E66C-9B29-4948-A5BF-C45A7D13DCC7}.Release|Any CPU.Build.0 = Release|Any CPU
	EndGlobalSection
	GlobalSection(SolutionProperties) = preSolution
		HideSolutionNode = FALSE
	EndGlobalSection
	GlobalSection(ExtensibilityGlobals) = postSolution
		SolutionGuid = {8F6AC64F-E684-44D3-BE03-5A061192678D}
	EndGlobalSection
EndGlobal
